
Microsoft Visual Studio Solution File, Format Version 12.00
# Visual Studio Version 16
VisualStudioVersion = 16.0.31005.135
MinimumVisualStudioVersion = 10.0.40219.1
Project("{9A19103F-16F7-4668-BE54-9A1E7A4F7556}") = "SPPTracer", "SPPTracer\SPPTracer.csproj", "{030C1AC5-B02C-4C87-9463-6CA05C00E949}"
EndProject
Project("{2150E333-8FDC-42A3-9474-1A3956D46DE8}") = "Solution Items", "Solution Items", "{8888FCC1-D572-4581-BE66-D46076BBE3FA}"
	ProjectSection(SolutionItems) = preProject
		.editorconfig = .editorconfig
	EndProjectSection
EndProject
Project("{9A19103F-16F7-4668-BE54-9A1E7A4F7556}") = "TracerLib", "TracerLib\TracerLib.csproj", "{342E1B0D-31F9-4830-9E8E-BC18456FFC19}"
EndProject
Project("{FAE04EC0-301F-11D3-BF4B-00C04F79EFBC}") = "TracerTest", "TracerTest\TracerTest.csproj", "{E981FD95-F813-4E5E-9BE8-D3437776829C}"
EndProject
Global
	GlobalSection(SolutionConfigurationPlatforms) = preSolution
		Debug|Any CPU = Debug|Any CPU
		Release|Any CPU = Release|Any CPU
	EndGlobalSection
	GlobalSection(ProjectConfigurationPlatforms) = postSolution
		{030C1AC5-B02C-4C87-9463-6CA05C00E949}.Debug|Any CPU.ActiveCfg = Debug|Any CPU
		{030C1AC5-B02C-4C87-9463-6CA05C00E949}.Debug|Any CPU.Build.0 = Debug|Any CPU
		{030C1AC5-B02C-4C87-9463-6CA05C00E949}.Release|Any CPU.ActiveCfg = Release|Any CPU
		{030C1AC5-B02C-4C87-9463-6CA05C00E949}.Release|Any CPU.Build.0 = Release|Any CPU
		{342E1B0D-31F9-4830-9E8E-BC18456FFC19}.Debug|Any CPU.ActiveCfg = Debug|Any CPU
		{342E1B0D-31F9-4830-9E8E-BC18456FFC19}.Debug|Any CPU.Build.0 = Debug|Any CPU
		{342E1B0D-31F9-4830-9E8E-BC18456FFC19}.Release|Any CPU.ActiveCfg = Release|Any CPU
		{342E1B0D-31F9-4830-9E8E-BC18456FFC19}.Release|Any CPU.Build.0 = Release|Any CPU
		{E981FD95-F813-4E5E-9BE8-D3437776829C}.Debug|Any CPU.ActiveCfg = Debug|Any CPU
		{E981FD95-F813-4E5E-9BE8-D3437776829C}.Debug|Any CPU.Build.0 = Debug|Any CPU
		{E981FD95-F813-4E5E-9BE8-D3437776829C}.Release|Any CPU.ActiveCfg = Release|Any CPU
		{E981FD95-F813-4E5E-9BE8-D3437776829C}.Release|Any CPU.Build.0 = Release|Any CPU
	EndGlobalSection
	GlobalSection(SolutionProperties) = preSolution
		HideSolutionNode = FALSE
	EndGlobalSection
	GlobalSection(ExtensibilityGlobals) = postSolution
		SolutionGuid = {B487C065-2055-4339-82B2-20AB96EE6503}
	EndGlobalSection
EndGlobal
